
Microsoft Visual Studio Solution File, Format Version 12.00
# Visual Studio Version 16
VisualStudioVersion = 16.0.31019.35
MinimumVisualStudioVersion = 10.0.40219.1
Project("{9A19103F-16F7-4668-BE54-9A1E7A4F7556}") = "Urho3DNet.FirstPersonShooter.Core", "Urho3DNet.FirstPersonShooter.Core\Urho3DNet.FirstPersonShooter.Core.csproj", "{666995BC-AEE1-4184-9E83-809FC28DB686}"
EndProject
Project("{FAE04EC0-301F-11D3-BF4B-00C04F79EFBC}") = "Urho3DNet.FirstPersonShooter", "Urho3DNet.FirstPersonShooter\Urho3DNet.FirstPersonShooter.csproj", "{5FE46F38-63DE-4C89-B6E0-5855FB6E8CFB}"
EndProject
Global
	GlobalSection(SolutionConfigurationPlatforms) = preSolution
		Debug|Any CPU = Debug|Any CPU
		Release|Any CPU = Release|Any CPU
	EndGlobalSection
	GlobalSection(ProjectConfigurationPlatforms) = postSolution
		{666995BC-AEE1-4184-9E83-809FC28DB686}.Debug|Any CPU.ActiveCfg = Debug|Any CPU
		{666995BC-AEE1-4184-9E83-809FC28DB686}.Debug|Any CPU.Build.0 = Debug|Any CPU
		{666995BC-AEE1-4184-9E83-809FC28DB686}.Release|Any CPU.ActiveCfg = Release|Any CPU
		{666995BC-AEE1-4184-9E83-809FC28DB686}.Release|Any CPU.Build.0 = Release|Any CPU
		{5FE46F38-63DE-4C89-B6E0-5855FB6E8CFB}.Debug|Any CPU.ActiveCfg = Debug|Any CPU
		{5FE46F38-63DE-4C89-B6E0-5855FB6E8CFB}.Debug|Any CPU.Build.0 = Debug|Any CPU
		{5FE46F38-63DE-4C89-B6E0-5855FB6E8CFB}.Release|Any CPU.ActiveCfg = Release|Any CPU
		{5FE46F38-63DE-4C89-B6E0-5855FB6E8CFB}.Release|Any CPU.Build.0 = Release|Any CPU
	EndGlobalSection
	GlobalSection(SolutionProperties) = preSolution
		HideSolutionNode = FALSE
	EndGlobalSection
	GlobalSection(ExtensibilityGlobals) = postSolution
		SolutionGuid = {19E7A7A1-169B-48A5-9A82-ABE9D756CA72}
	EndGlobalSection
EndGlobal
